
Microsoft Visual Studio Solution File, Format Version 12.00
# Visual Studio Version 16
VisualStudioVersion = 16.0.31729.503
MinimumVisualStudioVersion = 10.0.40219.1
Project("{9A19103F-16F7-4668-BE54-9A1E7A4F7556}") = "WebApiAlura", "WebApiAlura\WebApiAlura.csproj", "{87BA96B7-FAD4-48DC-B273-8814C174C236}"
EndProject
Project("{FAE04EC0-301F-11D3-BF4B-00C04F79EFBC}") = "UsuariosApi", "UsuariosApi\UsuariosApi.csproj", "{C9350141-13C3-438C-AF67-DC0F2895DB67}"
EndProject
Global
	GlobalSection(SolutionConfigurationPlatforms) = preSolution
		Debug|Any CPU = Debug|Any CPU
		Release|Any CPU = Release|Any CPU
	EndGlobalSection
	GlobalSection(ProjectConfigurationPlatforms) = postSolution
		{87BA96B7-FAD4-48DC-B273-8814C174C236}.Debug|Any CPU.ActiveCfg = Debug|Any CPU
		{87BA96B7-FAD4-48DC-B273-8814C174C236}.Debug|Any CPU.Build.0 = Debug|Any CPU
		{87BA96B7-FAD4-48DC-B273-8814C174C236}.Release|Any CPU.ActiveCfg = Release|Any CPU
		{87BA96B7-FAD4-48DC-B273-8814C174C236}.Release|Any CPU.Build.0 = Release|Any CPU
		{C9350141-13C3-438C-AF67-DC0F2895DB67}.Debug|Any CPU.ActiveCfg = Debug|Any CPU
		{C9350141-13C3-438C-AF67-DC0F2895DB67}.Debug|Any CPU.Build.0 = Debug|Any CPU
		{C9350141-13C3-438C-AF67-DC0F2895DB67}.Release|Any CPU.ActiveCfg = Release|Any CPU
		{C9350141-13C3-438C-AF67-DC0F2895DB67}.Release|Any CPU.Build.0 = Release|Any CPU
	EndGlobalSection
	GlobalSection(SolutionProperties) = preSolution
		HideSolutionNode = FALSE
	EndGlobalSection
	GlobalSection(ExtensibilityGlobals) = postSolution
		SolutionGuid = {DE793723-60E5-42B8-AC7A-9DC7C4AA4AE9}
	EndGlobalSection
EndGlobal
